
Microsoft Visual Studio Solution File, Format Version 12.00
# Visual Studio Version 16
VisualStudioVersion = 16.0.29709.97
MinimumVisualStudioVersion = 10.0.40219.1
Project("{FAE04EC0-301F-11D3-BF4B-00C04F79EFBC}") = "JammerHunt", "JammerHunt\JammerHunt.csproj", "{7B180AE0-74F8-4D1A-B610-167F86A3207B}"
EndProject
Global
	GlobalSection(SolutionConfigurationPlatforms) = preSolution
		Debug|Any CPU = Debug|Any CPU
		Release|Any CPU = Release|Any CPU
	EndGlobalSection
	GlobalSection(ProjectConfigurationPlatforms) = postSolution
		{7B180AE0-74F8-4D1A-B610-167F86A3207B}.Debug|Any CPU.ActiveCfg = Debug|Any CPU
		{7B180AE0-74F8-4D1A-B610-167F86A3207B}.Debug|Any CPU.Build.0 = Debug|Any CPU
		{7B180AE0-74F8-4D1A-B610-167F86A3207B}.Release|Any CPU.ActiveCfg = Release|Any CPU
		{7B180AE0-74F8-4D1A-B610-167F86A3207B}.Release|Any CPU.Build.0 = Release|Any CPU
	EndGlobalSection
	GlobalSection(SolutionProperties) = preSolution
		HideSolutionNode = FALSE
	EndGlobalSection
	GlobalSection(ExtensibilityGlobals) = postSolution
		SolutionGuid = {F0BBB662-D4F5-4C80-B8BC-4CAF089A72AC}
	EndGlobalSection
EndGlobal
